Microsoft Visual Studio Solution File, Format Version 12.00
# Visual Studio Version 17
VisualStudioVersion = 17.5.2.0
MinimumVisualStudioVersion = 10.0.40219.1
Project("{2150E333-8FDC-42A3-9474-1A3956D46DE8}") = "dotnet-demo", "dotnet-demo", "{24CCC05F-E3FD-FE37-8186-77A7EFEC820E}"
EndProject
Project("{FAE04EC0-301F-11D3-BF4B-00C04F79EFBC}") = "DotnetSeqDemo", "dotnet-demo\DotnetSeqDemo.csproj", "{53C3EF94-C372-3753-8BDB-7629462D53CB}"
EndProject
Global
	GlobalSection(SolutionConfigurationPlatforms) = preSolution
		Debug|Any CPU = Debug|Any CPU
		Release|Any CPU = Release|Any CPU
	EndGlobalSection
	GlobalSection(ProjectConfigurationPlatforms) = postSolution
		{53C3EF94-C372-3753-8BDB-7629462D53CB}.Debug|Any CPU.ActiveCfg = Debug|Any CPU
		{53C3EF94-C372-3753-8BDB-7629462D53CB}.Debug|Any CPU.Build.0 = Debug|Any CPU
		{53C3EF94-C372-3753-8BDB-7629462D53CB}.Release|Any CPU.ActiveCfg = Release|Any CPU
		{53C3EF94-C372-3753-8BDB-7629462D53CB}.Release|Any CPU.Build.0 = Release|Any CPU
	EndGlobalSection
	GlobalSection(SolutionProperties) = preSolution
		HideSolutionNode = FALSE
	EndGlobalSection
	GlobalSection(NestedProjects) = preSolution
		{53C3EF94-C372-3753-8BDB-7629462D53CB} = {24CCC05F-E3FD-FE37-8186-77A7EFEC820E}
	EndGlobalSection
	GlobalSection(ExtensibilityGlobals) = postSolution
		SolutionGuid = {AF2076AA-889C-41D7-9787-1B3DF31C43D0}
	EndGlobalSection
EndGlobal
